
Microsoft Visual Studio Solution File, Format Version 12.00
# Visual Studio Version 17
VisualStudioVersion = 17.7.34031.279
MinimumVisualStudioVersion = 10.0.40219.1
Project("{FAE04EC0-301F-11D3-BF4B-00C04F79EFBC}") = "ScriptCasino", "ScriptCasino\ScriptCasino.csproj", "{21A0A9EB-C423-4D3C-8D55-41C44ACF8CDA}"
EndProject
Global
	GlobalSection(SolutionConfigurationPlatforms) = preSolution
		Debug|Any CPU = Debug|Any CPU
		Release|Any CPU = Release|Any CPU
	EndGlobalSection
	GlobalSection(ProjectConfigurationPlatforms) = postSolution
		{21A0A9EB-C423-4D3C-8D55-41C44ACF8CDA}.Debug|Any CPU.ActiveCfg = Debug|Any CPU
		{21A0A9EB-C423-4D3C-8D55-41C44ACF8CDA}.Debug|Any CPU.Build.0 = Debug|Any CPU
		{21A0A9EB-C423-4D3C-8D55-41C44ACF8CDA}.Release|Any CPU.ActiveCfg = Release|Any CPU
		{21A0A9EB-C423-4D3C-8D55-41C44ACF8CDA}.Release|Any CPU.Build.0 = Release|Any CPU
	EndGlobalSection
	GlobalSection(SolutionProperties) = preSolution
		HideSolutionNode = FALSE
	EndGlobalSection
	GlobalSection(ExtensibilityGlobals) = postSolution
		SolutionGuid = {ABFE171A-FBE9-4F70-96B5-17DCAE4DA977}
	EndGlobalSection
EndGlobal
